
Microsoft Visual Studio Solution File, Format Version 12.00
# Visual Studio Version 17
VisualStudioVersion = 17.13.35818.85 d17.13
MinimumVisualStudioVersion = 10.0.40219.1
Project("{FAE04EC0-301F-11D3-BF4B-00C04F79EFBC}") = "JurnalModul4_2311104065", "JurnalModul4_2311104065\JurnalModul4_2311104065.csproj", "{8016AFDC-9B7E-482E-B4AA-30794BF8D35D}"
EndProject
Global
	GlobalSection(SolutionConfigurationPlatforms) = preSolution
		Debug|Any CPU = Debug|Any CPU
		Release|Any CPU = Release|Any CPU
	EndGlobalSection
	GlobalSection(ProjectConfigurationPlatforms) = postSolution
		{8016AFDC-9B7E-482E-B4AA-30794BF8D35D}.Debug|Any CPU.ActiveCfg = Debug|Any CPU
		{8016AFDC-9B7E-482E-B4AA-30794BF8D35D}.Debug|Any CPU.Build.0 = Debug|Any CPU
		{8016AFDC-9B7E-482E-B4AA-30794BF8D35D}.Release|Any CPU.ActiveCfg = Release|Any CPU
		{8016AFDC-9B7E-482E-B4AA-30794BF8D35D}.Release|Any CPU.Build.0 = Release|Any CPU
	EndGlobalSection
	GlobalSection(SolutionProperties) = preSolution
		HideSolutionNode = FALSE
	EndGlobalSection
	GlobalSection(ExtensibilityGlobals) = postSolution
		SolutionGuid = {57276B8E-5F7D-45AE-8B39-E0BDFF2C7307}
	EndGlobalSection
EndGlobal
